
Microsoft Visual Studio Solution File, Format Version 12.00
# Visual Studio Version 16
VisualStudioVersion = 16.0.31702.278
MinimumVisualStudioVersion = 10.0.40219.1
Project("{FAE04EC0-301F-11D3-BF4B-00C04F79EFBC}") = "U37", "U37\U37.csproj", "{29D09AEC-E43A-42D9-9EDE-58120E91DC8D}"
EndProject
Project("{FAE04EC0-301F-11D3-BF4B-00C04F79EFBC}") = "UsingBlendForVisualStates", "UsingBlendForVisualStates\UsingBlendForVisualStates.csproj", "{21D46744-EF25-4458-A470-A81CF80DC8AF}"
EndProject
Project("{FAE04EC0-301F-11D3-BF4B-00C04F79EFBC}") = "U38", "U38\U38.csproj", "{81527B27-7F59-45BC-B866-2E40E1B2F6B9}"
EndProject
Project("{FAE04EC0-301F-11D3-BF4B-00C04F79EFBC}") = "U39", "U39\U39.csproj", "{A4A209FF-2549-4233-B754-8778C549A610}"
EndProject
Project("{FAE04EC0-301F-11D3-BF4B-00C04F79EFBC}") = "U40", "U40\U40.csproj", "{61813B24-E2C8-400C-9A5E-60630E66572D}"
EndProject
Global
	GlobalSection(SolutionConfigurationPlatforms) = preSolution
		Debug|ARM = Debug|ARM
		Debug|ARM64 = Debug|ARM64
		Debug|x64 = Debug|x64
		Debug|x86 = Debug|x86
		Release|ARM = Release|ARM
		Release|ARM64 = Release|ARM64
		Release|x64 = Release|x64
		Release|x86 = Release|x86
	EndGlobalSection
	GlobalSection(ProjectConfigurationPlatforms) = postSolution
		{29D09AEC-E43A-42D9-9EDE-58120E91DC8D}.Debug|ARM.ActiveCfg = Debug|ARM
		{29D09AEC-E43A-42D9-9EDE-58120E91DC8D}.Debug|ARM.Build.0 = Debug|ARM
		{29D09AEC-E43A-42D9-9EDE-58120E91DC8D}.Debug|ARM.Deploy.0 = Debug|ARM
		{29D09AEC-E43A-42D9-9EDE-58120E91DC8D}.Debug|ARM64.ActiveCfg = Debug|ARM64
		{29D09AEC-E43A-42D9-9EDE-58120E91DC8D}.Debug|ARM64.Build.0 = Debug|ARM64
		{29D09AEC-E43A-42D9-9EDE-58120E91DC8D}.Debug|ARM64.Deploy.0 = Debug|ARM64
		{29D09AEC-E43A-42D9-9EDE-58120E91DC8D}.Debug|x64.ActiveCfg = Debug|x64
		{29D09AEC-E43A-42D9-9EDE-58120E91DC8D}.Debug|x64.Build.0 = Debug|x64
		{29D09AEC-E43A-42D9-9EDE-58120E91DC8D}.Debug|x64.Deploy.0 = Debug|x64
		{29D09AEC-E43A-42D9-9EDE-58120E91DC8D}.Debug|x86.ActiveCfg = Debug|x86
		{29D09AEC-E43A-42D9-9EDE-58120E91DC8D}.Debug|x86.Build.0 = Debug|x86
		{29D09AEC-E43A-42D9-9EDE-58120E91DC8D}.Debug|x86.Deploy.0 = Debug|x86
		{29D09AEC-E43A-42D9-9EDE-58120E91DC8D}.Release|ARM.ActiveCfg = Release|ARM
		{29D09AEC-E43A-42D9-9EDE-58120E91DC8D}.Release|ARM.Build.0 = Release|ARM
		{29D09AEC-E43A-42D9-9EDE-58120E91DC8D}.Release|ARM.Deploy.0 = Release|ARM
		{29D09AEC-E43A-42D9-9EDE-58120E91DC8D}.Release|ARM64.ActiveCfg = Release|ARM64
		{29D09AEC-E43A-42D9-9EDE-58120E91DC8D}.Release|ARM64.Build.0 = Release|ARM64
		{29D09AEC-E43A-42D9-9EDE-58120E91DC8D}.Release|ARM64.Deploy.0 = Release|ARM64
		{29D09AEC-E43A-42D9-9EDE-58120E91DC8D}.Release|x64.ActiveCfg = Release|x64
		{29D09AEC-E43A-42D9-9EDE-58120E91DC8D}.Release|x64.Build.0 = Release|x64
		{29D09AEC-E43A-42D9-9EDE-58120E91DC8D}.Release|x64.Deploy.0 = Release|x64
		{29D09AEC-E43A-42D9-9EDE-58120E91DC8D}.Release|x86.ActiveCfg = Release|x86
		{29D09AEC-E43A-42D9-9EDE-58120E91DC8D}.Release|x86.Build.0 = Release|x86
		{29D09AEC-E43A-42D9-9EDE-58120E91DC8D}.Release|x86.Deploy.0 = Release|x86
		{21D46744-EF25-4458-A470-A81CF80DC8AF}.Debug|ARM.ActiveCfg = Debug|ARM
		{21D46744-EF25-4458-A470-A81CF80DC8AF}.Debug|ARM.Build.0 = Debug|ARM
		{21D46744-EF25-4458-A470-A81CF80DC8AF}.Debug|ARM.Deploy.0 = Debug|ARM
		{21D46744-EF25-4458-A470-A81CF80DC8AF}.Debug|ARM64.ActiveCfg = Debug|ARM64
		{21D46744-EF25-4458-A470-A81CF80DC8AF}.Debug|ARM64.Build.0 = Debug|ARM64
		{21D46744-EF25-4458-A470-A81CF80DC8AF}.Debug|ARM64.Deploy.0 = Debug|ARM64
		{21D46744-EF25-4458-A470-A81CF80DC8AF}.Debug|x64.ActiveCfg = Debug|x64
		{21D46744-EF25-4458-A470-A81CF80DC8AF}.Debug|x64.Build.0 = Debug|x64
		{21D46744-EF25-4458-A470-A81CF80DC8AF}.Debug|x64.Deploy.0 = Debug|x64
		{21D46744-EF25-4458-A470-A81CF80DC8AF}.Debug|x86.ActiveCfg = Debug|x86
		{21D46744-EF25-4458-A470-A81CF80DC8AF}.Debug|x86.Build.0 = Debug|x86
		{21D46744-EF25-4458-A470-A81CF80DC8AF}.Debug|x86.Deploy.0 = Debug|x86
		{21D46744-EF25-4458-A470-A81CF80DC8AF}.Release|ARM.ActiveCfg = Release|ARM
		{21D46744-EF25-4458-A470-A81CF80DC8AF}.Release|ARM.Build.0 = Release|ARM
		{21D46744-EF25-4458-A470-A81CF80DC8AF}.Release|ARM.Deploy.0 = Release|ARM
		{21D46744-EF25-4458-A470-A81CF80DC8AF}.Release|ARM64.ActiveCfg = Release|ARM64
		{21D46744-EF25-4458-A470-A81CF80DC8AF}.Release|ARM64.Build.0 = Release|ARM64
		{21D46744-EF25-4458-A470-A81CF80DC8AF}.Release|ARM64.Deploy.0 = Release|ARM64
		{21D46744-EF25-4458-A470-A81CF80DC8AF}.Release|x64.ActiveCfg = Release|x64
		{21D46744-EF25-4458-A470-A81CF80DC8AF}.Release|x64.Build.0 = Release|x64
		{21D46744-EF25-4458-A470-A81CF80DC8AF}.Release|x64.Deploy.0 = Release|x64
		{21D46744-EF25-4458-A470-A81CF80DC8AF}.Release|x86.ActiveCfg = Release|x86
		{21D46744-EF25-4458-A470-A81CF80DC8AF}.Release|x86.Build.0 = Release|x86
		{21D46744-EF25-4458-A470-A81CF80DC8AF}.Release|x86.Deploy.0 = Release|x86
		{81527B27-7F59-45BC-B866-2E40E1B2F6B9}.Debug|ARM.ActiveCfg = Debug|ARM
		{81527B27-7F59-45BC-B866-2E40E1B2F6B9}.Debug|ARM.Build.0 = Debug|ARM
		{81527B27-7F59-45BC-B866-2E40E1B2F6B9}.Debug|ARM.Deploy.0 = Debug|ARM
		{81527B27-7F59-45BC-B866-2E40E1B2F6B9}.Debug|ARM64.ActiveCfg = Debug|ARM64
		{81527B27-7F59-45BC-B866-2E40E1B2F6B9}.Debug|ARM64.Build.0 = Debug|ARM64
		{81527B27-7F59-45BC-B866-2E40E1B2F6B9}.Debug|ARM64.Deploy.0 = Debug|ARM64
		{81527B27-7F59-45BC-B866-2E40E1B2F6B9}.Debug|x64.ActiveCfg = Debug|x64
		{81527B27-7F59-45BC-B866-2E40E1B2F6B9}.Debug|x64.Build.0 = Debug|x64
		{81527B27-7F59-45BC-B866-2E40E1B2F6B9}.Debug|x64.Deploy.0 = Debug|x64
		{81527B27-7F59-45BC-B866-2E40E1B2F6B9}.Debug|x86.ActiveCfg = Debug|x86
		{81527B27-7F59-45BC-B866-2E40E1B2F6B9}.Debug|x86.Build.0 = Debug|x86
		{81527B27-7F59-45BC-B866-2E40E1B2F6B9}.Debug|x86.Deploy.0 = Debug|x86
		{81527B27-7F59-45BC-B866-2E40E1B2F6B9}.Release|ARM.ActiveCfg = Release|ARM
		{81527B27-7F59-45BC-B866-2E40E1B2F6B9}.Release|ARM.Build.0 = Release|ARM
		{81527B27-7F59-45BC-B866-2E40E1B2F6B9}.Release|ARM.Deploy.0 = Release|ARM
		{81527B27-7F59-45BC-B866-2E40E1B2F6B9}.Release|ARM64.ActiveCfg = Release|ARM64
		{81527B27-7F59-45BC-B866-2E40E1B2F6B9}.Release|ARM64.Build.0 = Release|ARM64
		{81527B27-7F59-45BC-B866-2E40E1B2F6B9}.Release|ARM64.Deploy.0 = Release|ARM64
		{81527B27-7F59-45BC-B866-2E40E1B2F6B9}.Release|x64.ActiveCfg = Release|x64
		{81527B27-7F59-45BC-B866-2E40E1B2F6B9}.Release|x64.Build.0 = Release|x64
		{81527B27-7F59-45BC-B866-2E40E1B2F6B9}.Release|x64.Deploy.0 = Release|x64
		{81527B27-7F59-45BC-B866-2E40E1B2F6B9}.Release|x86.ActiveCfg = Release|x86
		{81527B27-7F59-45BC-B866-2E40E1B2F6B9}.Release|x86.Build.0 = Release|x86
		{81527B27-7F59-45BC-B866-2E40E1B2F6B9}.Release|x86.Deploy.0 = Release|x86
		{A4A209FF-2549-4233-B754-8778C549A610}.Debug|ARM.ActiveCfg = Debug|ARM
		{A4A209FF-2549-4233-B754-8778C549A610}.Debug|ARM.Build.0 = Debug|ARM
		{A4A209FF-2549-4233-B754-8778C549A610}.Debug|ARM.Deploy.0 = Debug|ARM
		{A4A209FF-2549-4233-B754-8778C549A610}.Debug|ARM64.ActiveCfg = Debug|ARM64
		{A4A209FF-2549-4233-B754-8778C549A610}.Debug|ARM64.Build.0 = Debug|ARM64
		{A4A209FF-2549-4233-B754-8778C549A610}.Debug|ARM64.Deploy.0 = Debug|ARM64
		{A4A209FF-2549-4233-B754-8778C549A610}.Debug|x64.ActiveCfg = Debug|x64
		{A4A209FF-2549-4233-B754-8778C549A610}.Debug|x64.Build.0 = Debug|x64
		{A4A209FF-2549-4233-B754-8778C549A610}.Debug|x64.Deploy.0 = Debug|x64
		{A4A209FF-2549-4233-B754-8778C549A610}.Debug|x86.ActiveCfg = Debug|x86
		{A4A209FF-2549-4233-B754-8778C549A610}.Debug|x86.Build.0 = Debug|x86
		{A4A209FF-2549-4233-B754-8778C549A610}.Debug|x86.Deploy.0 = Debug|x86
		{A4A209FF-2549-4233-B754-8778C549A610}.Release|ARM.ActiveCfg = Release|ARM
		{A4A209FF-2549-4233-B754-8778C549A610}.Release|ARM.Build.0 = Release|ARM
		{A4A209FF-2549-4233-B754-8778C549A610}.Release|ARM.Deploy.0 = Release|ARM
		{A4A209FF-2549-4233-B754-8778C549A610}.Release|ARM64.ActiveCfg = Release|ARM64
		{A4A209FF-2549-4233-B754-8778C549A610}.Release|ARM64.Build.0 = Release|ARM64
		{A4A209FF-2549-4233-B754-8778C549A610}.Release|ARM64.Deploy.0 = Release|ARM64
		{A4A209FF-2549-4233-B754-8778C549A610}.Release|x64.ActiveCfg = Release|x64
		{A4A209FF-2549-4233-B754-8778C549A610}.Release|x64.Build.0 = Release|x64
		{A4A209FF-2549-4233-B754-8778C549A610}.Release|x64.Deploy.0 = Release|x64
		{A4A209FF-2549-4233-B754-8778C549A610}.Release|x86.ActiveCfg = Release|x86
		{A4A209FF-2549-4233-B754-8778C549A610}.Release|x86.Build.0 = Release|x86
		{A4A209FF-2549-4233-B754-8778C549A610}.Release|x86.Deploy.0 = Release|x86
		{61813B24-E2C8-400C-9A5E-60630E66572D}.Debug|ARM.ActiveCfg = Debug|ARM
		{61813B24-E2C8-400C-9A5E-60630E66572D}.Debug|ARM.Build.0 = Debug|ARM
		{61813B24-E2C8-400C-9A5E-60630E66572D}.Debug|ARM.Deploy.0 = Debug|ARM
		{61813B24-E2C8-400C-9A5E-60630E66572D}.Debug|ARM64.ActiveCfg = Debug|ARM64
		{61813B24-E2C8-400C-9A5E-60630E66572D}.Debug|ARM64.Build.0 = Debug|ARM64
		{61813B24-E2C8-400C-9A5E-60630E66572D}.Debug|ARM64.Deploy.0 = Debug|ARM64
		{61813B24-E2C8-400C-9A5E-60630E66572D}.Debug|x64.ActiveCfg = Debug|x64
		{61813B24-E2C8-400C-9A5E-60630E66572D}.Debug|x64.Build.0 = Debug|x64
		{61813B24-E2C8-400C-9A5E-60630E66572D}.Debug|x64.Deploy.0 = Debug|x64
		{61813B24-E2C8-400C-9A5E-60630E66572D}.Debug|x86.ActiveCfg = Debug|x86
		{61813B24-E2C8-400C-9A5E-60630E66572D}.Debug|x86.Build.0 = Debug|x86
		{61813B24-E2C8-400C-9A5E-60630E66572D}.Debug|x86.Deploy.0 = Debug|x86
		{61813B24-E2C8-400C-9A5E-60630E66572D}.Release|ARM.ActiveCfg = Release|ARM
		{61813B24-E2C8-400C-9A5E-60630E66572D}.Release|ARM.Build.0 = Release|ARM
		{61813B24-E2C8-400C-9A5E-60630E66572D}.Release|ARM.Deploy.0 = Release|ARM
		{61813B24-E2C8-400C-9A5E-60630E66572D}.Release|ARM64.ActiveCfg = Release|ARM64
		{61813B24-E2C8-400C-9A5E-60630E66572D}.Release|ARM64.Build.0 = Release|ARM64
		{61813B24-E2C8-400C-9A5E-60630E66572D}.Release|ARM64.Deploy.0 = Release|ARM64
		{61813B24-E2C8-400C-9A5E-60630E66572D}.Release|x64.ActiveCfg = Release|x64
		{61813B24-E2C8-400C-9A5E-60630E66572D}.Release|x64.Build.0 = Release|x64
		{61813B24-E2C8-400C-9A5E-60630E66572D}.Release|x64.Deploy.0 = Release|x64
		{61813B24-E2C8-400C-9A5E-60630E66572D}.Release|x86.ActiveCfg = Release|x86
		{61813B24-E2C8-400C-9A5E-60630E66572D}.Release|x86.Build.0 = Release|x86
		{61813B24-E2C8-400C-9A5E-60630E66572D}.Release|x86.Deploy.0 = Release|x86
	EndGlobalSection
	GlobalSection(SolutionProperties) = preSolution
		HideSolutionNode = FALSE
	EndGlobalSection
	GlobalSection(ExtensibilityGlobals) = postSolution
		SolutionGuid = {236B6B38-6167-4663-B630-F887BF3FC9A6}
	EndGlobalSection
EndGlobal
